
Microsoft Visual Studio Solution File, Format Version 12.00
# Visual Studio Version 16
VisualStudioVersion = 16.0.31410.357
MinimumVisualStudioVersion = 10.0.40219.1
Project("{FAE04EC0-301F-11D3-BF4B-00C04F79EFBC}") = "ReserverRideVar01", "ReserverRideVar01\ReserverRideVar01.csproj", "{82578DF4-633F-440B-8B14-69C383A6E47D}"
EndProject
Global
	GlobalSection(SolutionConfigurationPlatforms) = preSolution
		Debug|Any CPU = Debug|Any CPU
		Release|Any CPU = Release|Any CPU
	EndGlobalSection
	GlobalSection(ProjectConfigurationPlatforms) = postSolution
		{82578DF4-633F-440B-8B14-69C383A6E47D}.Debug|Any CPU.ActiveCfg = Debug|Any CPU
		{82578DF4-633F-440B-8B14-69C383A6E47D}.Debug|Any CPU.Build.0 = Debug|Any CPU
		{82578DF4-633F-440B-8B14-69C383A6E47D}.Release|Any CPU.ActiveCfg = Release|Any CPU
		{82578DF4-633F-440B-8B14-69C383A6E47D}.Release|Any CPU.Build.0 = Release|Any CPU
	EndGlobalSection
	GlobalSection(SolutionProperties) = preSolution
		HideSolutionNode = FALSE
	EndGlobalSection
	GlobalSection(ExtensibilityGlobals) = postSolution
		SolutionGuid = {FFF05700-1724-41B4-8FDB-8E23273340B4}
	EndGlobalSection
EndGlobal
